
Microsoft Visual Studio Solution File, Format Version 12.00
# Visual Studio Version 17
VisualStudioVersion = 17.12.35527.113 d17.12
MinimumVisualStudioVersion = 10.0.40219.1
Project("{FAE04EC0-301F-11D3-BF4B-00C04F79EFBC}") = "BookLoanManagementSystem", "BookLoanManagementSystem\BookLoanManagementSystem.csproj", "{1AE62902-B98E-4C95-AB3D-F7A229616EBD}"
EndProject
Project("{FAE04EC0-301F-11D3-BF4B-00C04F79EFBC}") = "BookLoanManagementSystem.UnitTests", "BookLoanManagementSystem.UnitTests\BookLoanManagementSystem.UnitTests.csproj", "{3CB1AF61-EE48-4D92-A5D5-3AD5FD14F7F9}"
EndProject
Global
	GlobalSection(SolutionConfigurationPlatforms) = preSolution
		Debug|Any CPU = Debug|Any CPU
		Release|Any CPU = Release|Any CPU
	EndGlobalSection
	GlobalSection(ProjectConfigurationPlatforms) = postSolution
		{1AE62902-B98E-4C95-AB3D-F7A229616EBD}.Debug|Any CPU.ActiveCfg = Debug|Any CPU
		{1AE62902-B98E-4C95-AB3D-F7A229616EBD}.Debug|Any CPU.Build.0 = Debug|Any CPU
		{1AE62902-B98E-4C95-AB3D-F7A229616EBD}.Release|Any CPU.ActiveCfg = Release|Any CPU
		{1AE62902-B98E-4C95-AB3D-F7A229616EBD}.Release|Any CPU.Build.0 = Release|Any CPU
		{3CB1AF61-EE48-4D92-A5D5-3AD5FD14F7F9}.Debug|Any CPU.ActiveCfg = Debug|Any CPU
		{3CB1AF61-EE48-4D92-A5D5-3AD5FD14F7F9}.Debug|Any CPU.Build.0 = Debug|Any CPU
		{3CB1AF61-EE48-4D92-A5D5-3AD5FD14F7F9}.Release|Any CPU.ActiveCfg = Release|Any CPU
		{3CB1AF61-EE48-4D92-A5D5-3AD5FD14F7F9}.Release|Any CPU.Build.0 = Release|Any CPU
	EndGlobalSection
	GlobalSection(SolutionProperties) = preSolution
		HideSolutionNode = FALSE
	EndGlobalSection
EndGlobal
